
Microsoft Visual Studio Solution File, Format Version 12.00
# Visual Studio Version 16
VisualStudioVersion = 16.0.29009.5
MinimumVisualStudioVersion = 15.0.26124.0
Project("{2150E333-8FDC-42A3-9474-1A3956D46DE8}") = "0-solution-items", "0-solution-items", "{E2D9A588-E676-446B-BE7B-B3AAAD9FC9B6}"
	ProjectSection(SolutionItems) = preProject
		.editorconfig = .editorconfig
		Directory.Build.props = Directory.Build.props
		FUNDING.md = FUNDING.md
		global.json = global.json
		LICENSE = LICENSE
		README.md = README.md
	EndProjectSection
EndProject
Project("{2150E333-8FDC-42A3-9474-1A3956D46DE8}") = "1-src", "1-src", "{D3871E61-CA47-4BD0-8BF9-B64A42B2200D}"
EndProject
Project("{9A19103F-16F7-4668-BE54-9A1E7A4F7556}") = "Essensoft.AspNetCore.Payment.Alipay", "src\Essensoft.AspNetCore.Payment.Alipay\Essensoft.AspNetCore.Payment.Alipay.csproj", "{167FAA95-300E-49D5-A29B-EFCFF90A0584}"
EndProject
Project("{9A19103F-16F7-4668-BE54-9A1E7A4F7556}") = "Essensoft.AspNetCore.Payment.Security", "src\Essensoft.AspNetCore.Payment.Security\Essensoft.AspNetCore.Payment.Security.csproj", "{3578E08D-A08E-4C4A-A5DE-8D31C21F7D66}"
EndProject
Project("{9A19103F-16F7-4668-BE54-9A1E7A4F7556}") = "Essensoft.AspNetCore.Payment.WeChatPay", "src\Essensoft.AspNetCore.Payment.WeChatPay\Essensoft.AspNetCore.Payment.WeChatPay.csproj", "{66655C56-A98C-4F67-9F41-FECF0AFFA28E}"
EndProject
Project("{2150E333-8FDC-42A3-9474-1A3956D46DE8}") = "2-samples", "2-samples", "{DD8CC860-F3E3-40F4-8A8F-20BF66EA051C}"
EndProject
Project("{9A19103F-16F7-4668-BE54-9A1E7A4F7556}") = "WebApplicationSample", "samples\WebApplicationSample\WebApplicationSample.csproj", "{6C90BFFA-2F73-4961-922A-588B589C444C}"
EndProject
Global
	GlobalSection(SolutionConfigurationPlatforms) = preSolution
		Debug|Any CPU = Debug|Any CPU
		Release|Any CPU = Release|Any CPU
	EndGlobalSection
	GlobalSection(ProjectConfigurationPlatforms) = postSolution
		{167FAA95-300E-49D5-A29B-EFCFF90A0584}.Debug|Any CPU.ActiveCfg = Debug|Any CPU
		{167FAA95-300E-49D5-A29B-EFCFF90A0584}.Debug|Any CPU.Build.0 = Debug|Any CPU
		{167FAA95-300E-49D5-A29B-EFCFF90A0584}.Release|Any CPU.ActiveCfg = Release|Any CPU
		{167FAA95-300E-49D5-A29B-EFCFF90A0584}.Release|Any CPU.Build.0 = Release|Any CPU
		{3578E08D-A08E-4C4A-A5DE-8D31C21F7D66}.Debug|Any CPU.ActiveCfg = Debug|Any CPU
		{3578E08D-A08E-4C4A-A5DE-8D31C21F7D66}.Debug|Any CPU.Build.0 = Debug|Any CPU
		{3578E08D-A08E-4C4A-A5DE-8D31C21F7D66}.Release|Any CPU.ActiveCfg = Release|Any CPU
		{3578E08D-A08E-4C4A-A5DE-8D31C21F7D66}.Release|Any CPU.Build.0 = Release|Any CPU
		{66655C56-A98C-4F67-9F41-FECF0AFFA28E}.Debug|Any CPU.ActiveCfg = Debug|Any CPU
		{66655C56-A98C-4F67-9F41-FECF0AFFA28E}.Debug|Any CPU.Build.0 = Debug|Any CPU
		{66655C56-A98C-4F67-9F41-FECF0AFFA28E}.Release|Any CPU.ActiveCfg = Release|Any CPU
		{66655C56-A98C-4F67-9F41-FECF0AFFA28E}.Release|Any CPU.Build.0 = Release|Any CPU
		{6C90BFFA-2F73-4961-922A-588B589C444C}.Debug|Any CPU.ActiveCfg = Debug|Any CPU
		{6C90BFFA-2F73-4961-922A-588B589C444C}.Debug|Any CPU.Build.0 = Debug|Any CPU
		{6C90BFFA-2F73-4961-922A-588B589C444C}.Release|Any CPU.ActiveCfg = Release|Any CPU
		{6C90BFFA-2F73-4961-922A-588B589C444C}.Release|Any CPU.Build.0 = Release|Any CPU
	EndGlobalSection
	GlobalSection(SolutionProperties) = preSolution
		HideSolutionNode = FALSE
	EndGlobalSection
	GlobalSection(NestedProjects) = preSolution
		{167FAA95-300E-49D5-A29B-EFCFF90A0584} = {D3871E61-CA47-4BD0-8BF9-B64A42B2200D}
		{3578E08D-A08E-4C4A-A5DE-8D31C21F7D66} = {D3871E61-CA47-4BD0-8BF9-B64A42B2200D}
		{66655C56-A98C-4F67-9F41-FECF0AFFA28E} = {D3871E61-CA47-4BD0-8BF9-B64A42B2200D}
		{6C90BFFA-2F73-4961-922A-588B589C444C} = {DD8CC860-F3E3-40F4-8A8F-20BF66EA051C}
	EndGlobalSection
	GlobalSection(ExtensibilityGlobals) = postSolution
		SolutionGuid = {C5BE9B18-CD29-4490-84EA-68EDEEF75428}
	EndGlobalSection
EndGlobal
